# This file is automatically @generated by Cargo.
# It is not intended for manual editing.
version = 3

[[package]]
name = "px86-rs"
version = "0.1.0"
dependencies = [
 "rust-analyzer",
]

[[package]]
name = "rust-analyzer"
version = "0.0.1"
source = "registry+https://github.com/rust-lang/crates.io-index"
checksum = "11707871ffa56ce568d4f15dd34c2f891a2aa5e4b3435b99b8f99938492525c3"
